
Microsoft Visual Studio Solution File, Format Version 12.00
# Visual Studio Version 17
VisualStudioVersion = 17.0.31808.319
MinimumVisualStudioVersion = 10.0.40219.1
Project("{9A19103F-16F7-4668-BE54-9A1E7A4F7556}") = "ERP.Web", "ERP.Web\ERP.Web.csproj", "{FC6665A4-3FED-41D5-8205-442DA49CBBBC}"
EndProject
Project("{2150E333-8FDC-42A3-9474-1A3956D46DE8}") = "Common", "Common", "{5DD0CB9B-4A91-4FB4-A39F-3944DDB4A5FA}"
EndProject
Project("{9A19103F-16F7-4668-BE54-9A1E7A4F7556}") = "ERP.Common", "ERP.Common\ERP.Common.csproj", "{ACCC0BF5-ADC4-4D81-B4EB-70A76CBC6D3F}"
EndProject
Project("{2150E333-8FDC-42A3-9474-1A3956D46DE8}") = "System", "System", "{8162D2BB-44F3-4924-B1A9-68B1B75CAB1A}"
EndProject
Project("{9A19103F-16F7-4668-BE54-9A1E7A4F7556}") = "ERP.System", "ERP.System\ERP.System.csproj", "{DBFD3A23-B3A6-4881-822A-4DE419E68D12}"
EndProject
Project("{2150E333-8FDC-42A3-9474-1A3956D46DE8}") = "process", "process", "{AFCD98F7-1DB2-4C82-8DCB-DE15DF2CF3D8}"
EndProject
Project("{FAE04EC0-301F-11D3-BF4B-00C04F79EFBC}") = "Process", "Process\Process.csproj", "{0848855F-177B-4628-9931-6A822B6C6DFA}"
EndProject
Project("{2150E333-8FDC-42A3-9474-1A3956D46DE8}") = "HRMS", "HRMS", "{3B005EC8-A918-4755-8E70-04AEF1B88037}"
EndProject
Project("{9A19103F-16F7-4668-BE54-9A1E7A4F7556}") = "HRMS", "HRMS\HRMS.csproj", "{D171FA9D-5F2F-452C-933F-C8C9BBE96284}"
EndProject
Project("{2150E333-8FDC-42A3-9474-1A3956D46DE8}") = "SignalR", "SignalR", "{59E12933-7AF4-4EE3-8B34-8617EECDB867}"
EndProject
Project("{9A19103F-16F7-4668-BE54-9A1E7A4F7556}") = "SignalR", "SignalR\SignalR.csproj", "{242ABDB4-9566-4BFD-94F3-0518E92BC424}"
EndProject
Project("{2150E333-8FDC-42A3-9474-1A3956D46DE8}") = "POS", "POS", "{79CF6A16-4A9E-4BA0-8653-794C5A92EC45}"
EndProject
Project("{2150E333-8FDC-42A3-9474-1A3956D46DE8}") = "WMS", "WMS", "{63763240-917A-4430-AB62-75AFAF3CBDE9}"
EndProject
Project("{9A19103F-16F7-4668-BE54-9A1E7A4F7556}") = "POS", "POS\POS.csproj", "{760BA60E-859A-49F9-859D-9969B12CBCDA}"
EndProject
Project("{9A19103F-16F7-4668-BE54-9A1E7A4F7556}") = "WMS", "WMS\WMS\WMS.csproj", "{98E3F7AC-9D40-4CFF-8C1F-94D92429489A}"
EndProject
Project("{2150E333-8FDC-42A3-9474-1A3956D46DE8}") = "VMLLib", "VMLLib", "{82214CA5-1C7E-40D7-A53D-849F1499FD7F}"
EndProject
Project("{FAE04EC0-301F-11D3-BF4B-00C04F79EFBC}") = "VMLLib", "VMLLib\VMLLib\VMLLib.csproj", "{1DBA1131-D19D-4121-A84D-023AAC4978A6}"
EndProject
Project("{2150E333-8FDC-42A3-9474-1A3956D46DE8}") = "ERP.Warranty", "ERP.Warranty", "{B82C943C-C6F6-46EA-B05C-2A9C0EB2C864}"
EndProject
Project("{9A19103F-16F7-4668-BE54-9A1E7A4F7556}") = "ERP.Warranty", "ERP.Warranty\ERP.Warranty.csproj", "{28324698-38E6-40ED-B4BA-C80D8B2D1595}"
EndProject
Project("{2150E333-8FDC-42A3-9474-1A3956D46DE8}") = "FaceAPI", "FaceAPI", "{D8428697-6AAF-477E-A015-5CCA1FB3942D}"
EndProject
Project("{9A19103F-16F7-4668-BE54-9A1E7A4F7556}") = "FaceAPI", "FaceAPI\FaceAPI\FaceAPI.csproj", "{7980D6D2-8B27-4D86-86B6-01287651A178}"
EndProject
Project("{2150E333-8FDC-42A3-9474-1A3956D46DE8}") = "Purchase", "Purchase", "{4820D409-F433-40B7-BFFC-76365822B776}"
EndProject
Project("{9A19103F-16F7-4668-BE54-9A1E7A4F7556}") = "Purchase", "Purchase\Purchase.csproj", "{94725092-57FC-4F16-9C6E-579B522296C8}"
EndProject
Project("{2150E333-8FDC-42A3-9474-1A3956D46DE8}") = "ReportViewer", "ReportViewer", "{47CBBC42-A57D-4232-8565-49467CD16914}"
EndProject
Project("{9A19103F-16F7-4668-BE54-9A1E7A4F7556}") = "Report", "Report\Report.csproj", "{CDA87753-C6A1-473C-B27F-0BCE04D99F78}"
EndProject
Project("{2150E333-8FDC-42A3-9474-1A3956D46DE8}") = "Sales", "Sales", "{291C15EE-DD17-4906-BAF0-C4BB00534650}"
EndProject
Project("{9A19103F-16F7-4668-BE54-9A1E7A4F7556}") = "Sales", "Sales\Sales.csproj", "{0AEA1971-6C0A-4BDE-8230-CB4FBCFE9C37}"
EndProject
Project("{2150E333-8FDC-42A3-9474-1A3956D46DE8}") = "CASH", "CASH", "{AF1A02E3-D479-46DF-BD1B-9EF6FA04CDE3}"
EndProject
Project("{9A19103F-16F7-4668-BE54-9A1E7A4F7556}") = "CASH", "CASH\CASH.csproj", "{03D7C65E-FE28-4B18-A6C7-E74EDD2958A8}"
EndProject
Project("{2150E333-8FDC-42A3-9474-1A3956D46DE8}") = "TAX", "TAX", "{04AD990B-6AAD-4FF2-A7DA-869F139ED7BB}"
EndProject
Project("{9A19103F-16F7-4668-BE54-9A1E7A4F7556}") = "TAX", "TAX\TAX.csproj", "{46994BED-5B45-455B-9A13-98396B9111E4}"
EndProject
Project("{2150E333-8FDC-42A3-9474-1A3956D46DE8}") = "Consolidation", "Consolidation", "{91E005D9-43DE-4DDF-854D-74625C5064D5}"
EndProject
Project("{9A19103F-16F7-4668-BE54-9A1E7A4F7556}") = "Consolidation", "Consolidation\Consolidation.csproj", "{B1F26849-D39D-4691-A379-014E94662203}"
EndProject
Project("{FAE04EC0-301F-11D3-BF4B-00C04F79EFBC}") = "ReportViewer", "ReportViewer\ReportViewer\ReportViewer.csproj", "{293EB4F6-4FFA-4F45-B192-2A209AD6CF69}"
EndProject
Global
	GlobalSection(SolutionConfigurationPlatforms) = preSolution
		Debug|Any CPU = Debug|Any CPU
		Debug|x64 = Debug|x64
		Release|Any CPU = Release|Any CPU
		Release|x64 = Release|x64
	EndGlobalSection
	GlobalSection(ProjectConfigurationPlatforms) = postSolution
		{FC6665A4-3FED-41D5-8205-442DA49CBBBC}.Debug|Any CPU.ActiveCfg = Debug|Any CPU
		{FC6665A4-3FED-41D5-8205-442DA49CBBBC}.Debug|Any CPU.Build.0 = Debug|Any CPU
		{FC6665A4-3FED-41D5-8205-442DA49CBBBC}.Debug|x64.ActiveCfg = Debug|x64
		{FC6665A4-3FED-41D5-8205-442DA49CBBBC}.Debug|x64.Build.0 = Debug|x64
		{FC6665A4-3FED-41D5-8205-442DA49CBBBC}.Release|Any CPU.ActiveCfg = Release|Any CPU
		{FC6665A4-3FED-41D5-8205-442DA49CBBBC}.Release|Any CPU.Build.0 = Release|Any CPU
		{FC6665A4-3FED-41D5-8205-442DA49CBBBC}.Release|x64.ActiveCfg = Release|x64
		{FC6665A4-3FED-41D5-8205-442DA49CBBBC}.Release|x64.Build.0 = Release|x64
		{ACCC0BF5-ADC4-4D81-B4EB-70A76CBC6D3F}.Debug|Any CPU.ActiveCfg = Debug|Any CPU
		{ACCC0BF5-ADC4-4D81-B4EB-70A76CBC6D3F}.Debug|Any CPU.Build.0 = Debug|Any CPU
		{ACCC0BF5-ADC4-4D81-B4EB-70A76CBC6D3F}.Debug|x64.ActiveCfg = Debug|x64
		{ACCC0BF5-ADC4-4D81-B4EB-70A76CBC6D3F}.Debug|x64.Build.0 = Debug|x64
		{ACCC0BF5-ADC4-4D81-B4EB-70A76CBC6D3F}.Release|Any CPU.ActiveCfg = Release|Any CPU
		{ACCC0BF5-ADC4-4D81-B4EB-70A76CBC6D3F}.Release|Any CPU.Build.0 = Release|Any CPU
		{ACCC0BF5-ADC4-4D81-B4EB-70A76CBC6D3F}.Release|x64.ActiveCfg = Release|x64
		{ACCC0BF5-ADC4-4D81-B4EB-70A76CBC6D3F}.Release|x64.Build.0 = Release|x64
		{DBFD3A23-B3A6-4881-822A-4DE419E68D12}.Debug|Any CPU.ActiveCfg = Debug|Any CPU
		{DBFD3A23-B3A6-4881-822A-4DE419E68D12}.Debug|Any CPU.Build.0 = Debug|Any CPU
		{DBFD3A23-B3A6-4881-822A-4DE419E68D12}.Debug|x64.ActiveCfg = Debug|x64
		{DBFD3A23-B3A6-4881-822A-4DE419E68D12}.Debug|x64.Build.0 = Debug|x64
		{DBFD3A23-B3A6-4881-822A-4DE419E68D12}.Release|Any CPU.ActiveCfg = Release|Any CPU
		{DBFD3A23-B3A6-4881-822A-4DE419E68D12}.Release|Any CPU.Build.0 = Release|Any CPU
		{DBFD3A23-B3A6-4881-822A-4DE419E68D12}.Release|x64.ActiveCfg = Release|x64
		{DBFD3A23-B3A6-4881-822A-4DE419E68D12}.Release|x64.Build.0 = Release|x64
		{0848855F-177B-4628-9931-6A822B6C6DFA}.Debug|Any CPU.ActiveCfg = Debug|Any CPU
		{0848855F-177B-4628-9931-6A822B6C6DFA}.Debug|Any CPU.Build.0 = Debug|Any CPU
		{0848855F-177B-4628-9931-6A822B6C6DFA}.Debug|x64.ActiveCfg = Debug|x64
		{0848855F-177B-4628-9931-6A822B6C6DFA}.Debug|x64.Build.0 = Debug|x64
		{0848855F-177B-4628-9931-6A822B6C6DFA}.Release|Any CPU.ActiveCfg = Release|Any CPU
		{0848855F-177B-4628-9931-6A822B6C6DFA}.Release|Any CPU.Build.0 = Release|Any CPU
		{0848855F-177B-4628-9931-6A822B6C6DFA}.Release|x64.ActiveCfg = Release|x64
		{0848855F-177B-4628-9931-6A822B6C6DFA}.Release|x64.Build.0 = Release|x64
		{D171FA9D-5F2F-452C-933F-C8C9BBE96284}.Debug|Any CPU.ActiveCfg = Debug|Any CPU
		{D171FA9D-5F2F-452C-933F-C8C9BBE96284}.Debug|Any CPU.Build.0 = Debug|Any CPU
		{D171FA9D-5F2F-452C-933F-C8C9BBE96284}.Debug|x64.ActiveCfg = Debug|x64
		{D171FA9D-5F2F-452C-933F-C8C9BBE96284}.Debug|x64.Build.0 = Debug|x64
		{D171FA9D-5F2F-452C-933F-C8C9BBE96284}.Release|Any CPU.ActiveCfg = Release|Any CPU
		{D171FA9D-5F2F-452C-933F-C8C9BBE96284}.Release|Any CPU.Build.0 = Release|Any CPU
		{D171FA9D-5F2F-452C-933F-C8C9BBE96284}.Release|x64.ActiveCfg = Release|x64
		{D171FA9D-5F2F-452C-933F-C8C9BBE96284}.Release|x64.Build.0 = Release|x64
		{242ABDB4-9566-4BFD-94F3-0518E92BC424}.Debug|Any CPU.ActiveCfg = Debug|Any CPU
		{242ABDB4-9566-4BFD-94F3-0518E92BC424}.Debug|Any CPU.Build.0 = Debug|Any CPU
		{242ABDB4-9566-4BFD-94F3-0518E92BC424}.Debug|x64.ActiveCfg = Debug|x64
		{242ABDB4-9566-4BFD-94F3-0518E92BC424}.Debug|x64.Build.0 = Debug|x64
		{242ABDB4-9566-4BFD-94F3-0518E92BC424}.Release|Any CPU.ActiveCfg = Release|Any CPU
		{242ABDB4-9566-4BFD-94F3-0518E92BC424}.Release|Any CPU.Build.0 = Release|Any CPU
		{242ABDB4-9566-4BFD-94F3-0518E92BC424}.Release|x64.ActiveCfg = Release|x64
		{242ABDB4-9566-4BFD-94F3-0518E92BC424}.Release|x64.Build.0 = Release|x64
		{760BA60E-859A-49F9-859D-9969B12CBCDA}.Debug|Any CPU.ActiveCfg = Debug|Any CPU
		{760BA60E-859A-49F9-859D-9969B12CBCDA}.Debug|Any CPU.Build.0 = Debug|Any CPU
		{760BA60E-859A-49F9-859D-9969B12CBCDA}.Debug|x64.ActiveCfg = Debug|x64
		{760BA60E-859A-49F9-859D-9969B12CBCDA}.Debug|x64.Build.0 = Debug|x64
		{760BA60E-859A-49F9-859D-9969B12CBCDA}.Release|Any CPU.ActiveCfg = Release|Any CPU
		{760BA60E-859A-49F9-859D-9969B12CBCDA}.Release|Any CPU.Build.0 = Release|Any CPU
		{760BA60E-859A-49F9-859D-9969B12CBCDA}.Release|x64.ActiveCfg = Release|x64
		{760BA60E-859A-49F9-859D-9969B12CBCDA}.Release|x64.Build.0 = Release|x64
		{98E3F7AC-9D40-4CFF-8C1F-94D92429489A}.Debug|Any CPU.ActiveCfg = Debug|Any CPU
		{98E3F7AC-9D40-4CFF-8C1F-94D92429489A}.Debug|Any CPU.Build.0 = Debug|Any CPU
		{98E3F7AC-9D40-4CFF-8C1F-94D92429489A}.Debug|x64.ActiveCfg = Debug|x64
		{98E3F7AC-9D40-4CFF-8C1F-94D92429489A}.Debug|x64.Build.0 = Debug|x64
		{98E3F7AC-9D40-4CFF-8C1F-94D92429489A}.Release|Any CPU.ActiveCfg = Release|Any CPU
		{98E3F7AC-9D40-4CFF-8C1F-94D92429489A}.Release|Any CPU.Build.0 = Release|Any CPU
		{98E3F7AC-9D40-4CFF-8C1F-94D92429489A}.Release|x64.ActiveCfg = Release|x64
		{98E3F7AC-9D40-4CFF-8C1F-94D92429489A}.Release|x64.Build.0 = Release|x64
		{1DBA1131-D19D-4121-A84D-023AAC4978A6}.Debug|Any CPU.ActiveCfg = Debug|Any CPU
		{1DBA1131-D19D-4121-A84D-023AAC4978A6}.Debug|Any CPU.Build.0 = Debug|Any CPU
		{1DBA1131-D19D-4121-A84D-023AAC4978A6}.Debug|x64.ActiveCfg = Debug|Any CPU
		{1DBA1131-D19D-4121-A84D-023AAC4978A6}.Debug|x64.Build.0 = Debug|Any CPU
		{1DBA1131-D19D-4121-A84D-023AAC4978A6}.Release|Any CPU.ActiveCfg = Release|Any CPU
		{1DBA1131-D19D-4121-A84D-023AAC4978A6}.Release|Any CPU.Build.0 = Release|Any CPU
		{1DBA1131-D19D-4121-A84D-023AAC4978A6}.Release|x64.ActiveCfg = Release|Any CPU
		{1DBA1131-D19D-4121-A84D-023AAC4978A6}.Release|x64.Build.0 = Release|Any CPU
		{28324698-38E6-40ED-B4BA-C80D8B2D1595}.Debug|Any CPU.ActiveCfg = Debug|Any CPU
		{28324698-38E6-40ED-B4BA-C80D8B2D1595}.Debug|Any CPU.Build.0 = Debug|Any CPU
		{28324698-38E6-40ED-B4BA-C80D8B2D1595}.Debug|x64.ActiveCfg = Debug|Any CPU
		{28324698-38E6-40ED-B4BA-C80D8B2D1595}.Debug|x64.Build.0 = Debug|Any CPU
		{28324698-38E6-40ED-B4BA-C80D8B2D1595}.Release|Any CPU.ActiveCfg = Release|Any CPU
		{28324698-38E6-40ED-B4BA-C80D8B2D1595}.Release|Any CPU.Build.0 = Release|Any CPU
		{28324698-38E6-40ED-B4BA-C80D8B2D1595}.Release|x64.ActiveCfg = Release|Any CPU
		{28324698-38E6-40ED-B4BA-C80D8B2D1595}.Release|x64.Build.0 = Release|Any CPU
		{7980D6D2-8B27-4D86-86B6-01287651A178}.Debug|Any CPU.ActiveCfg = Debug|Any CPU
		{7980D6D2-8B27-4D86-86B6-01287651A178}.Debug|Any CPU.Build.0 = Debug|Any CPU
		{7980D6D2-8B27-4D86-86B6-01287651A178}.Debug|x64.ActiveCfg = Debug|Any CPU
		{7980D6D2-8B27-4D86-86B6-01287651A178}.Debug|x64.Build.0 = Debug|Any CPU
		{7980D6D2-8B27-4D86-86B6-01287651A178}.Release|Any CPU.ActiveCfg = Release|Any CPU
		{7980D6D2-8B27-4D86-86B6-01287651A178}.Release|Any CPU.Build.0 = Release|Any CPU
		{7980D6D2-8B27-4D86-86B6-01287651A178}.Release|x64.ActiveCfg = Release|Any CPU
		{7980D6D2-8B27-4D86-86B6-01287651A178}.Release|x64.Build.0 = Release|Any CPU
		{94725092-57FC-4F16-9C6E-579B522296C8}.Debug|Any CPU.ActiveCfg = Debug|Any CPU
		{94725092-57FC-4F16-9C6E-579B522296C8}.Debug|Any CPU.Build.0 = Debug|Any CPU
		{94725092-57FC-4F16-9C6E-579B522296C8}.Debug|x64.ActiveCfg = Debug|Any CPU
		{94725092-57FC-4F16-9C6E-579B522296C8}.Debug|x64.Build.0 = Debug|Any CPU
		{94725092-57FC-4F16-9C6E-579B522296C8}.Release|Any CPU.ActiveCfg = Release|Any CPU
		{94725092-57FC-4F16-9C6E-579B522296C8}.Release|Any CPU.Build.0 = Release|Any CPU
		{94725092-57FC-4F16-9C6E-579B522296C8}.Release|x64.ActiveCfg = Release|Any CPU
		{94725092-57FC-4F16-9C6E-579B522296C8}.Release|x64.Build.0 = Release|Any CPU
		{CDA87753-C6A1-473C-B27F-0BCE04D99F78}.Debug|Any CPU.ActiveCfg = Debug|Any CPU
		{CDA87753-C6A1-473C-B27F-0BCE04D99F78}.Debug|Any CPU.Build.0 = Debug|Any CPU
		{CDA87753-C6A1-473C-B27F-0BCE04D99F78}.Debug|x64.ActiveCfg = Debug|Any CPU
		{CDA87753-C6A1-473C-B27F-0BCE04D99F78}.Debug|x64.Build.0 = Debug|Any CPU
		{CDA87753-C6A1-473C-B27F-0BCE04D99F78}.Release|Any CPU.ActiveCfg = Release|Any CPU
		{CDA87753-C6A1-473C-B27F-0BCE04D99F78}.Release|Any CPU.Build.0 = Release|Any CPU
		{CDA87753-C6A1-473C-B27F-0BCE04D99F78}.Release|x64.ActiveCfg = Release|Any CPU
		{CDA87753-C6A1-473C-B27F-0BCE04D99F78}.Release|x64.Build.0 = Release|Any CPU
		{0AEA1971-6C0A-4BDE-8230-CB4FBCFE9C37}.Debug|Any CPU.ActiveCfg = Debug|Any CPU
		{0AEA1971-6C0A-4BDE-8230-CB4FBCFE9C37}.Debug|Any CPU.Build.0 = Debug|Any CPU
		{0AEA1971-6C0A-4BDE-8230-CB4FBCFE9C37}.Debug|x64.ActiveCfg = Debug|Any CPU
		{0AEA1971-6C0A-4BDE-8230-CB4FBCFE9C37}.Debug|x64.Build.0 = Debug|Any CPU
		{0AEA1971-6C0A-4BDE-8230-CB4FBCFE9C37}.Release|Any CPU.ActiveCfg = Release|Any CPU
		{0AEA1971-6C0A-4BDE-8230-CB4FBCFE9C37}.Release|Any CPU.Build.0 = Release|Any CPU
		{0AEA1971-6C0A-4BDE-8230-CB4FBCFE9C37}.Release|x64.ActiveCfg = Release|Any CPU
		{0AEA1971-6C0A-4BDE-8230-CB4FBCFE9C37}.Release|x64.Build.0 = Release|Any CPU
		{03D7C65E-FE28-4B18-A6C7-E74EDD2958A8}.Debug|Any CPU.ActiveCfg = Debug|Any CPU
		{03D7C65E-FE28-4B18-A6C7-E74EDD2958A8}.Debug|Any CPU.Build.0 = Debug|Any CPU
		{03D7C65E-FE28-4B18-A6C7-E74EDD2958A8}.Debug|x64.ActiveCfg = Debug|Any CPU
		{03D7C65E-FE28-4B18-A6C7-E74EDD2958A8}.Debug|x64.Build.0 = Debug|Any CPU
		{03D7C65E-FE28-4B18-A6C7-E74EDD2958A8}.Release|Any CPU.ActiveCfg = Release|Any CPU
		{03D7C65E-FE28-4B18-A6C7-E74EDD2958A8}.Release|Any CPU.Build.0 = Release|Any CPU
		{03D7C65E-FE28-4B18-A6C7-E74EDD2958A8}.Release|x64.ActiveCfg = Release|Any CPU
		{03D7C65E-FE28-4B18-A6C7-E74EDD2958A8}.Release|x64.Build.0 = Release|Any CPU
		{46994BED-5B45-455B-9A13-98396B9111E4}.Debug|Any CPU.ActiveCfg = Debug|Any CPU
		{46994BED-5B45-455B-9A13-98396B9111E4}.Debug|Any CPU.Build.0 = Debug|Any CPU
		{46994BED-5B45-455B-9A13-98396B9111E4}.Debug|x64.ActiveCfg = Debug|Any CPU
		{46994BED-5B45-455B-9A13-98396B9111E4}.Debug|x64.Build.0 = Debug|Any CPU
		{46994BED-5B45-455B-9A13-98396B9111E4}.Release|Any CPU.ActiveCfg = Release|Any CPU
		{46994BED-5B45-455B-9A13-98396B9111E4}.Release|Any CPU.Build.0 = Release|Any CPU
		{46994BED-5B45-455B-9A13-98396B9111E4}.Release|x64.ActiveCfg = Release|Any CPU
		{46994BED-5B45-455B-9A13-98396B9111E4}.Release|x64.Build.0 = Release|Any CPU
		{B1F26849-D39D-4691-A379-014E94662203}.Debug|Any CPU.ActiveCfg = Debug|Any CPU
		{B1F26849-D39D-4691-A379-014E94662203}.Debug|Any CPU.Build.0 = Debug|Any CPU
		{B1F26849-D39D-4691-A379-014E94662203}.Debug|x64.ActiveCfg = Debug|Any CPU
		{B1F26849-D39D-4691-A379-014E94662203}.Debug|x64.Build.0 = Debug|Any CPU
		{B1F26849-D39D-4691-A379-014E94662203}.Release|Any CPU.ActiveCfg = Release|Any CPU
		{B1F26849-D39D-4691-A379-014E94662203}.Release|Any CPU.Build.0 = Release|Any CPU
		{B1F26849-D39D-4691-A379-014E94662203}.Release|x64.ActiveCfg = Release|Any CPU
		{B1F26849-D39D-4691-A379-014E94662203}.Release|x64.Build.0 = Release|Any CPU
		{293EB4F6-4FFA-4F45-B192-2A209AD6CF69}.Debug|Any CPU.ActiveCfg = Debug|Any CPU
		{293EB4F6-4FFA-4F45-B192-2A209AD6CF69}.Debug|Any CPU.Build.0 = Debug|Any CPU
		{293EB4F6-4FFA-4F45-B192-2A209AD6CF69}.Debug|x64.ActiveCfg = Debug|Any CPU
		{293EB4F6-4FFA-4F45-B192-2A209AD6CF69}.Debug|x64.Build.0 = Debug|Any CPU
		{293EB4F6-4FFA-4F45-B192-2A209AD6CF69}.Release|Any CPU.ActiveCfg = Release|Any CPU
		{293EB4F6-4FFA-4F45-B192-2A209AD6CF69}.Release|Any CPU.Build.0 = Release|Any CPU
		{293EB4F6-4FFA-4F45-B192-2A209AD6CF69}.Release|x64.ActiveCfg = Release|Any CPU
		{293EB4F6-4FFA-4F45-B192-2A209AD6CF69}.Release|x64.Build.0 = Release|Any CPU
	EndGlobalSection
	GlobalSection(SolutionProperties) = preSolution
		HideSolutionNode = FALSE
	EndGlobalSection
	GlobalSection(NestedProjects) = preSolution
		{ACCC0BF5-ADC4-4D81-B4EB-70A76CBC6D3F} = {5DD0CB9B-4A91-4FB4-A39F-3944DDB4A5FA}
		{DBFD3A23-B3A6-4881-822A-4DE419E68D12} = {8162D2BB-44F3-4924-B1A9-68B1B75CAB1A}
		{0848855F-177B-4628-9931-6A822B6C6DFA} = {AFCD98F7-1DB2-4C82-8DCB-DE15DF2CF3D8}
		{D171FA9D-5F2F-452C-933F-C8C9BBE96284} = {3B005EC8-A918-4755-8E70-04AEF1B88037}
		{242ABDB4-9566-4BFD-94F3-0518E92BC424} = {59E12933-7AF4-4EE3-8B34-8617EECDB867}
		{760BA60E-859A-49F9-859D-9969B12CBCDA} = {79CF6A16-4A9E-4BA0-8653-794C5A92EC45}
		{98E3F7AC-9D40-4CFF-8C1F-94D92429489A} = {63763240-917A-4430-AB62-75AFAF3CBDE9}
		{1DBA1131-D19D-4121-A84D-023AAC4978A6} = {82214CA5-1C7E-40D7-A53D-849F1499FD7F}
		{28324698-38E6-40ED-B4BA-C80D8B2D1595} = {B82C943C-C6F6-46EA-B05C-2A9C0EB2C864}
		{7980D6D2-8B27-4D86-86B6-01287651A178} = {D8428697-6AAF-477E-A015-5CCA1FB3942D}
		{94725092-57FC-4F16-9C6E-579B522296C8} = {4820D409-F433-40B7-BFFC-76365822B776}
		{CDA87753-C6A1-473C-B27F-0BCE04D99F78} = {47CBBC42-A57D-4232-8565-49467CD16914}
		{0AEA1971-6C0A-4BDE-8230-CB4FBCFE9C37} = {291C15EE-DD17-4906-BAF0-C4BB00534650}
		{03D7C65E-FE28-4B18-A6C7-E74EDD2958A8} = {AF1A02E3-D479-46DF-BD1B-9EF6FA04CDE3}
		{46994BED-5B45-455B-9A13-98396B9111E4} = {04AD990B-6AAD-4FF2-A7DA-869F139ED7BB}
		{B1F26849-D39D-4691-A379-014E94662203} = {91E005D9-43DE-4DDF-854D-74625C5064D5}
		{293EB4F6-4FFA-4F45-B192-2A209AD6CF69} = {47CBBC42-A57D-4232-8565-49467CD16914}
	EndGlobalSection
	GlobalSection(ExtensibilityGlobals) = postSolution
		SolutionGuid = {8EC9D2F9-F891-406C-983A-76EF144807E3}
	EndGlobalSection
EndGlobal
